
Microsoft Visual Studio Solution File, Format Version 12.00
# Visual Studio 2013
VisualStudioVersion = 12.0.21005.1
MinimumVisualStudioVersion = 10.0.40219.1
Project("{2150E333-8FDC-42A3-9474-1A3956D46DE8}") = "Solution Items", "Solution Items", "{598E0D42-AA74-4D57-8D05-532E7FAC2585}"
	ProjectSection(SolutionItems) = preProject
		AssemblyVersion.cs = AssemblyVersion.cs
		LiteFx.vsmdi = LiteFx.vsmdi
		LiteFxKeyPair.snk = LiteFxKeyPair.snk
		LocalTestRun.testrunconfig = LocalTestRun.testrunconfig
	EndProjectSection
EndProject
Project("{FAE04EC0-301F-11D3-BF4B-00C04F79EFBC}") = "LiteFx.Web.Mvc", "LiteFx.Web.Mvc\LiteFx.Web.Mvc.csproj", "{6326ADAB-6749-4666-B7DA-A4287D1B4CCC}"
EndProject
Project("{2150E333-8FDC-42A3-9474-1A3956D46DE8}") = "tools", "tools", "{6AC02AEC-97A2-4E2B-9AE3-E31AB2E2D976}"
EndProject
Project("{FAE04EC0-301F-11D3-BF4B-00C04F79EFBC}") = "NHibernateDatabaseGenerator", "NHibernateDatabaseGenerator\NHibernateDatabaseGenerator.csproj", "{B9313C10-D0F4-4BB2-B4A3-122F2E852705}"
EndProject
Project("{2150E333-8FDC-42A3-9474-1A3956D46DE8}") = "ReferencedLibrary", "ReferencedLibrary", "{B2988A13-75F0-4648-B342-3D27734EB06E}"
EndProject
Project("{2150E333-8FDC-42A3-9474-1A3956D46DE8}") = "Tests", "Tests", "{5C1A2F3F-6B58-45EA-A100-2CF32382E4F3}"
EndProject
Project("{FAE04EC0-301F-11D3-BF4B-00C04F79EFBC}") = "LiteFx.Web.Mvc.NHibernate", "LiteFx.Web.Mvc.NHibernate\LiteFx.Web.Mvc.NHibernate.csproj", "{3C9DB853-8DA6-4BA0-A70C-CB2BEE6E9621}"
EndProject
Project("{FAE04EC0-301F-11D3-BF4B-00C04F79EFBC}") = "LiteFx.EntityFramework", "LiteFx.EntityFramework\LiteFx.EntityFramework.csproj", "{EFF9B88D-5D36-450E-82B6-DCE9A7140157}"
EndProject
Project("{FAE04EC0-301F-11D3-BF4B-00C04F79EFBC}") = "LiteFx.NHibernate", "LiteFx.NHibernate\LiteFx.NHibernate.csproj", "{5612935B-96C7-4494-B3A0-02B56756BE28}"
EndProject
Project("{FAE04EC0-301F-11D3-BF4B-00C04F79EFBC}") = "LiteFx.Web.NHibernate", "LiteFx.Web.NHibernate\LiteFx.Web.NHibernate.csproj", "{A1A97D17-6B98-4571-8E01-E4BAC8E9B937}"
EndProject
Project("{FAE04EC0-301F-11D3-BF4B-00C04F79EFBC}") = "System.Linq.Dynamic", "System.Linq.Dynamic\System.Linq.Dynamic.csproj", "{D05B72F9-EA6D-4ED5-8D46-9BEB13659A93}"
EndProject
Project("{2150E333-8FDC-42A3-9474-1A3956D46DE8}") = "NHibernate", "NHibernate", "{2FF9AE3F-F758-416B-9229-B6FC50D3DD5E}"
EndProject
Project("{2150E333-8FDC-42A3-9474-1A3956D46DE8}") = "EntityFramework", "EntityFramework", "{82460974-1AE8-40DA-B7FD-94467329909C}"
EndProject
Project("{FAE04EC0-301F-11D3-BF4B-00C04F79EFBC}") = "LiteFx", "LiteFx\LiteFx.csproj", "{C3434A18-591A-4622-9021-6DBC60561C24}"
EndProject
Project("{FAE04EC0-301F-11D3-BF4B-00C04F79EFBC}") = "LiteFx.Specs", "LiteFx.Specs\LiteFx.Specs.csproj", "{CF0B5DF4-C2E0-496C-9B68-41059FB2B1A0}"
EndProject
Project("{2150E333-8FDC-42A3-9474-1A3956D46DE8}") = "Mvc", "Mvc", "{EC94C39A-3A3A-41A2-88CE-5C591634CEF3}"
EndProject
Project("{2150E333-8FDC-42A3-9474-1A3956D46DE8}") = "Tests", "Tests", "{A1DF342A-1C09-4728-87CB-7FB557757490}"
EndProject
Project("{FAE04EC0-301F-11D3-BF4B-00C04F79EFBC}") = "LiteFx.NHibernate.Specs", "LiteFx.NHibernate.Specs\LiteFx.NHibernate.Specs.csproj", "{D763DF6B-ECCC-4960-8914-9949AADF37DC}"
EndProject
Project("{2150E333-8FDC-42A3-9474-1A3956D46DE8}") = "Raven", "Raven", "{72628D2D-F8E6-4D90-B380-AECE0F15E996}"
EndProject
Project("{FAE04EC0-301F-11D3-BF4B-00C04F79EFBC}") = "LiteFx.Raven", "LiteFx.Raven\LiteFx.Raven.csproj", "{7783B89B-7B1C-4445-B2D1-8ECA0644D4B0}"
EndProject
Project("{FAE04EC0-301F-11D3-BF4B-00C04F79EFBC}") = "LiteFx.Web.Raven", "LiteFx.Web.Raven\LiteFx.Web.Raven.csproj", "{B9741767-E826-4292-945D-3011DE85476B}"
EndProject
Project("{FAE04EC0-301F-11D3-BF4B-00C04F79EFBC}") = "LiteFx.Raven.Tests", "LiteFx.Raven.Tests\LiteFx.Raven.Tests.csproj", "{90B2047C-7B6F-4968-8375-598EBD5FB31B}"
EndProject
Project("{2150E333-8FDC-42A3-9474-1A3956D46DE8}") = ".nuget", ".nuget", "{B82747AB-1089-41ED-9B60-3231C1380F06}"
	ProjectSection(SolutionItems) = preProject
		.nuget\packages.config = .nuget\packages.config
	EndProjectSection
EndProject
Global
	GlobalSection(SolutionConfigurationPlatforms) = preSolution
		Debug|Any CPU = Debug|Any CPU
		Debug|Mixed Platforms = Debug|Mixed Platforms
		Debug|x86 = Debug|x86
		Release|Any CPU = Release|Any CPU
		Release|Mixed Platforms = Release|Mixed Platforms
		Release|x86 = Release|x86
	EndGlobalSection
	GlobalSection(ProjectConfigurationPlatforms) = postSolution
		{6326ADAB-6749-4666-B7DA-A4287D1B4CCC}.Debug|Any CPU.ActiveCfg = Debug|Any CPU
		{6326ADAB-6749-4666-B7DA-A4287D1B4CCC}.Debug|Any CPU.Build.0 = Debug|Any CPU
		{6326ADAB-6749-4666-B7DA-A4287D1B4CCC}.Debug|Mixed Platforms.ActiveCfg = Debug|Any CPU
		{6326ADAB-6749-4666-B7DA-A4287D1B4CCC}.Debug|Mixed Platforms.Build.0 = Debug|Any CPU
		{6326ADAB-6749-4666-B7DA-A4287D1B4CCC}.Debug|x86.ActiveCfg = Debug|Any CPU
		{6326ADAB-6749-4666-B7DA-A4287D1B4CCC}.Release|Any CPU.ActiveCfg = Release|Any CPU
		{6326ADAB-6749-4666-B7DA-A4287D1B4CCC}.Release|Any CPU.Build.0 = Release|Any CPU
		{6326ADAB-6749-4666-B7DA-A4287D1B4CCC}.Release|Mixed Platforms.ActiveCfg = Release|Any CPU
		{6326ADAB-6749-4666-B7DA-A4287D1B4CCC}.Release|Mixed Platforms.Build.0 = Release|Any CPU
		{6326ADAB-6749-4666-B7DA-A4287D1B4CCC}.Release|x86.ActiveCfg = Release|Any CPU
		{B9313C10-D0F4-4BB2-B4A3-122F2E852705}.Debug|Any CPU.ActiveCfg = Debug|x86
		{B9313C10-D0F4-4BB2-B4A3-122F2E852705}.Debug|Mixed Platforms.ActiveCfg = Debug|x86
		{B9313C10-D0F4-4BB2-B4A3-122F2E852705}.Debug|Mixed Platforms.Build.0 = Debug|x86
		{B9313C10-D0F4-4BB2-B4A3-122F2E852705}.Debug|x86.ActiveCfg = Debug|x86
		{B9313C10-D0F4-4BB2-B4A3-122F2E852705}.Debug|x86.Build.0 = Debug|x86
		{B9313C10-D0F4-4BB2-B4A3-122F2E852705}.Release|Any CPU.ActiveCfg = Release|x86
		{B9313C10-D0F4-4BB2-B4A3-122F2E852705}.Release|Any CPU.Build.0 = Release|x86
		{B9313C10-D0F4-4BB2-B4A3-122F2E852705}.Release|Mixed Platforms.ActiveCfg = Release|x86
		{B9313C10-D0F4-4BB2-B4A3-122F2E852705}.Release|Mixed Platforms.Build.0 = Release|x86
		{B9313C10-D0F4-4BB2-B4A3-122F2E852705}.Release|x86.ActiveCfg = Release|x86
		{B9313C10-D0F4-4BB2-B4A3-122F2E852705}.Release|x86.Build.0 = Release|x86
		{3C9DB853-8DA6-4BA0-A70C-CB2BEE6E9621}.Debug|Any CPU.ActiveCfg = Debug|Any CPU
		{3C9DB853-8DA6-4BA0-A70C-CB2BEE6E9621}.Debug|Any CPU.Build.0 = Debug|Any CPU
		{3C9DB853-8DA6-4BA0-A70C-CB2BEE6E9621}.Debug|Mixed Platforms.ActiveCfg = Debug|Any CPU
		{3C9DB853-8DA6-4BA0-A70C-CB2BEE6E9621}.Debug|Mixed Platforms.Build.0 = Debug|Any CPU
		{3C9DB853-8DA6-4BA0-A70C-CB2BEE6E9621}.Debug|x86.ActiveCfg = Debug|Any CPU
		{3C9DB853-8DA6-4BA0-A70C-CB2BEE6E9621}.Release|Any CPU.ActiveCfg = Release|Any CPU
		{3C9DB853-8DA6-4BA0-A70C-CB2BEE6E9621}.Release|Any CPU.Build.0 = Release|Any CPU
		{3C9DB853-8DA6-4BA0-A70C-CB2BEE6E9621}.Release|Mixed Platforms.ActiveCfg = Release|Any CPU
		{3C9DB853-8DA6-4BA0-A70C-CB2BEE6E9621}.Release|Mixed Platforms.Build.0 = Release|Any CPU
		{3C9DB853-8DA6-4BA0-A70C-CB2BEE6E9621}.Release|x86.ActiveCfg = Release|Any CPU
		{EFF9B88D-5D36-450E-82B6-DCE9A7140157}.Debug|Any CPU.ActiveCfg = Debug|Any CPU
		{EFF9B88D-5D36-450E-82B6-DCE9A7140157}.Debug|Any CPU.Build.0 = Debug|Any CPU
		{EFF9B88D-5D36-450E-82B6-DCE9A7140157}.Debug|Mixed Platforms.ActiveCfg = Debug|Any CPU
		{EFF9B88D-5D36-450E-82B6-DCE9A7140157}.Debug|Mixed Platforms.Build.0 = Debug|Any CPU
		{EFF9B88D-5D36-450E-82B6-DCE9A7140157}.Debug|x86.ActiveCfg = Debug|Any CPU
		{EFF9B88D-5D36-450E-82B6-DCE9A7140157}.Release|Any CPU.ActiveCfg = Release|Any CPU
		{EFF9B88D-5D36-450E-82B6-DCE9A7140157}.Release|Any CPU.Build.0 = Release|Any CPU
		{EFF9B88D-5D36-450E-82B6-DCE9A7140157}.Release|Mixed Platforms.ActiveCfg = Release|Any CPU
		{EFF9B88D-5D36-450E-82B6-DCE9A7140157}.Release|Mixed Platforms.Build.0 = Release|Any CPU
		{EFF9B88D-5D36-450E-82B6-DCE9A7140157}.Release|x86.ActiveCfg = Release|Any CPU
		{5612935B-96C7-4494-B3A0-02B56756BE28}.Debug|Any CPU.ActiveCfg = Debug|Any CPU
		{5612935B-96C7-4494-B3A0-02B56756BE28}.Debug|Any CPU.Build.0 = Debug|Any CPU
		{5612935B-96C7-4494-B3A0-02B56756BE28}.Debug|Mixed Platforms.ActiveCfg = Debug|Any CPU
		{5612935B-96C7-4494-B3A0-02B56756BE28}.Debug|Mixed Platforms.Build.0 = Debug|Any CPU
		{5612935B-96C7-4494-B3A0-02B56756BE28}.Debug|x86.ActiveCfg = Debug|Any CPU
		{5612935B-96C7-4494-B3A0-02B56756BE28}.Release|Any CPU.ActiveCfg = Release|Any CPU
		{5612935B-96C7-4494-B3A0-02B56756BE28}.Release|Any CPU.Build.0 = Release|Any CPU
		{5612935B-96C7-4494-B3A0-02B56756BE28}.Release|Mixed Platforms.ActiveCfg = Release|Any CPU
		{5612935B-96C7-4494-B3A0-02B56756BE28}.Release|Mixed Platforms.Build.0 = Release|Any CPU
		{5612935B-96C7-4494-B3A0-02B56756BE28}.Release|x86.ActiveCfg = Release|Any CPU
		{A1A97D17-6B98-4571-8E01-E4BAC8E9B937}.Debug|Any CPU.ActiveCfg = Debug|Any CPU
		{A1A97D17-6B98-4571-8E01-E4BAC8E9B937}.Debug|Any CPU.Build.0 = Debug|Any CPU
		{A1A97D17-6B98-4571-8E01-E4BAC8E9B937}.Debug|Mixed Platforms.ActiveCfg = Debug|Any CPU
		{A1A97D17-6B98-4571-8E01-E4BAC8E9B937}.Debug|Mixed Platforms.Build.0 = Debug|Any CPU
		{A1A97D17-6B98-4571-8E01-E4BAC8E9B937}.Debug|x86.ActiveCfg = Debug|Any CPU
		{A1A97D17-6B98-4571-8E01-E4BAC8E9B937}.Release|Any CPU.ActiveCfg = Release|Any CPU
		{A1A97D17-6B98-4571-8E01-E4BAC8E9B937}.Release|Any CPU.Build.0 = Release|Any CPU
		{A1A97D17-6B98-4571-8E01-E4BAC8E9B937}.Release|Mixed Platforms.ActiveCfg = Release|Any CPU
		{A1A97D17-6B98-4571-8E01-E4BAC8E9B937}.Release|Mixed Platforms.Build.0 = Release|Any CPU
		{A1A97D17-6B98-4571-8E01-E4BAC8E9B937}.Release|x86.ActiveCfg = Release|Any CPU
		{D05B72F9-EA6D-4ED5-8D46-9BEB13659A93}.Debug|Any CPU.ActiveCfg = Debug|Any CPU
		{D05B72F9-EA6D-4ED5-8D46-9BEB13659A93}.Debug|Any CPU.Build.0 = Debug|Any CPU
		{D05B72F9-EA6D-4ED5-8D46-9BEB13659A93}.Debug|Mixed Platforms.ActiveCfg = Debug|Any CPU
		{D05B72F9-EA6D-4ED5-8D46-9BEB13659A93}.Debug|Mixed Platforms.Build.0 = Debug|Any CPU
		{D05B72F9-EA6D-4ED5-8D46-9BEB13659A93}.Debug|x86.ActiveCfg = Debug|Any CPU
		{D05B72F9-EA6D-4ED5-8D46-9BEB13659A93}.Release|Any CPU.ActiveCfg = Release|Any CPU
		{D05B72F9-EA6D-4ED5-8D46-9BEB13659A93}.Release|Any CPU.Build.0 = Release|Any CPU
		{D05B72F9-EA6D-4ED5-8D46-9BEB13659A93}.Release|Mixed Platforms.ActiveCfg = Release|Any CPU
		{D05B72F9-EA6D-4ED5-8D46-9BEB13659A93}.Release|Mixed Platforms.Build.0 = Release|Any CPU
		{D05B72F9-EA6D-4ED5-8D46-9BEB13659A93}.Release|x86.ActiveCfg = Release|Any CPU
		{C3434A18-591A-4622-9021-6DBC60561C24}.Debug|Any CPU.ActiveCfg = Debug|Any CPU
		{C3434A18-591A-4622-9021-6DBC60561C24}.Debug|Any CPU.Build.0 = Debug|Any CPU
		{C3434A18-591A-4622-9021-6DBC60561C24}.Debug|Mixed Platforms.ActiveCfg = Debug|Any CPU
		{C3434A18-591A-4622-9021-6DBC60561C24}.Debug|Mixed Platforms.Build.0 = Debug|Any CPU
		{C3434A18-591A-4622-9021-6DBC60561C24}.Debug|x86.ActiveCfg = Debug|Any CPU
		{C3434A18-591A-4622-9021-6DBC60561C24}.Release|Any CPU.ActiveCfg = Release|Any CPU
		{C3434A18-591A-4622-9021-6DBC60561C24}.Release|Any CPU.Build.0 = Release|Any CPU
		{C3434A18-591A-4622-9021-6DBC60561C24}.Release|Mixed Platforms.ActiveCfg = Release|Any CPU
		{C3434A18-591A-4622-9021-6DBC60561C24}.Release|Mixed Platforms.Build.0 = Release|Any CPU
		{C3434A18-591A-4622-9021-6DBC60561C24}.Release|x86.ActiveCfg = Release|Any CPU
		{CF0B5DF4-C2E0-496C-9B68-41059FB2B1A0}.Debug|Any CPU.ActiveCfg = Debug|Any CPU
		{CF0B5DF4-C2E0-496C-9B68-41059FB2B1A0}.Debug|Any CPU.Build.0 = Debug|Any CPU
		{CF0B5DF4-C2E0-496C-9B68-41059FB2B1A0}.Debug|Mixed Platforms.ActiveCfg = Debug|Any CPU
		{CF0B5DF4-C2E0-496C-9B68-41059FB2B1A0}.Debug|Mixed Platforms.Build.0 = Debug|Any CPU
		{CF0B5DF4-C2E0-496C-9B68-41059FB2B1A0}.Debug|x86.ActiveCfg = Debug|Any CPU
		{CF0B5DF4-C2E0-496C-9B68-41059FB2B1A0}.Release|Any CPU.ActiveCfg = Release|Any CPU
		{CF0B5DF4-C2E0-496C-9B68-41059FB2B1A0}.Release|Any CPU.Build.0 = Release|Any CPU
		{CF0B5DF4-C2E0-496C-9B68-41059FB2B1A0}.Release|Mixed Platforms.ActiveCfg = Release|Any CPU
		{CF0B5DF4-C2E0-496C-9B68-41059FB2B1A0}.Release|Mixed Platforms.Build.0 = Release|Any CPU
		{CF0B5DF4-C2E0-496C-9B68-41059FB2B1A0}.Release|x86.ActiveCfg = Release|Any CPU
		{D763DF6B-ECCC-4960-8914-9949AADF37DC}.Debug|Any CPU.ActiveCfg = Debug|Any CPU
		{D763DF6B-ECCC-4960-8914-9949AADF37DC}.Debug|Any CPU.Build.0 = Debug|Any CPU
		{D763DF6B-ECCC-4960-8914-9949AADF37DC}.Debug|Mixed Platforms.ActiveCfg = Debug|Any CPU
		{D763DF6B-ECCC-4960-8914-9949AADF37DC}.Debug|Mixed Platforms.Build.0 = Debug|Any CPU
		{D763DF6B-ECCC-4960-8914-9949AADF37DC}.Debug|x86.ActiveCfg = Debug|Any CPU
		{D763DF6B-ECCC-4960-8914-9949AADF37DC}.Release|Any CPU.ActiveCfg = Release|Any CPU
		{D763DF6B-ECCC-4960-8914-9949AADF37DC}.Release|Any CPU.Build.0 = Release|Any CPU
		{D763DF6B-ECCC-4960-8914-9949AADF37DC}.Release|Mixed Platforms.ActiveCfg = Release|Any CPU
		{D763DF6B-ECCC-4960-8914-9949AADF37DC}.Release|Mixed Platforms.Build.0 = Release|Any CPU
		{D763DF6B-ECCC-4960-8914-9949AADF37DC}.Release|x86.ActiveCfg = Release|Any CPU
		{7783B89B-7B1C-4445-B2D1-8ECA0644D4B0}.Debug|Any CPU.ActiveCfg = Debug|Any CPU
		{7783B89B-7B1C-4445-B2D1-8ECA0644D4B0}.Debug|Any CPU.Build.0 = Debug|Any CPU
		{7783B89B-7B1C-4445-B2D1-8ECA0644D4B0}.Debug|Mixed Platforms.ActiveCfg = Debug|Any CPU
		{7783B89B-7B1C-4445-B2D1-8ECA0644D4B0}.Debug|Mixed Platforms.Build.0 = Debug|Any CPU
		{7783B89B-7B1C-4445-B2D1-8ECA0644D4B0}.Debug|x86.ActiveCfg = Debug|Any CPU
		{7783B89B-7B1C-4445-B2D1-8ECA0644D4B0}.Release|Any CPU.ActiveCfg = Release|Any CPU
		{7783B89B-7B1C-4445-B2D1-8ECA0644D4B0}.Release|Any CPU.Build.0 = Release|Any CPU
		{7783B89B-7B1C-4445-B2D1-8ECA0644D4B0}.Release|Mixed Platforms.ActiveCfg = Release|Any CPU
		{7783B89B-7B1C-4445-B2D1-8ECA0644D4B0}.Release|Mixed Platforms.Build.0 = Release|Any CPU
		{7783B89B-7B1C-4445-B2D1-8ECA0644D4B0}.Release|x86.ActiveCfg = Release|Any CPU
		{B9741767-E826-4292-945D-3011DE85476B}.Debug|Any CPU.ActiveCfg = Debug|Any CPU
		{B9741767-E826-4292-945D-3011DE85476B}.Debug|Any CPU.Build.0 = Debug|Any CPU
		{B9741767-E826-4292-945D-3011DE85476B}.Debug|Mixed Platforms.ActiveCfg = Debug|Any CPU
		{B9741767-E826-4292-945D-3011DE85476B}.Debug|Mixed Platforms.Build.0 = Debug|Any CPU
		{B9741767-E826-4292-945D-3011DE85476B}.Debug|x86.ActiveCfg = Debug|Any CPU
		{B9741767-E826-4292-945D-3011DE85476B}.Release|Any CPU.ActiveCfg = Release|Any CPU
		{B9741767-E826-4292-945D-3011DE85476B}.Release|Any CPU.Build.0 = Release|Any CPU
		{B9741767-E826-4292-945D-3011DE85476B}.Release|Mixed Platforms.ActiveCfg = Release|Any CPU
		{B9741767-E826-4292-945D-3011DE85476B}.Release|Mixed Platforms.Build.0 = Release|Any CPU
		{B9741767-E826-4292-945D-3011DE85476B}.Release|x86.ActiveCfg = Release|Any CPU
		{90B2047C-7B6F-4968-8375-598EBD5FB31B}.Debug|Any CPU.ActiveCfg = Debug|Any CPU
		{90B2047C-7B6F-4968-8375-598EBD5FB31B}.Debug|Any CPU.Build.0 = Debug|Any CPU
		{90B2047C-7B6F-4968-8375-598EBD5FB31B}.Debug|Mixed Platforms.ActiveCfg = Debug|Any CPU
		{90B2047C-7B6F-4968-8375-598EBD5FB31B}.Debug|Mixed Platforms.Build.0 = Debug|Any CPU
		{90B2047C-7B6F-4968-8375-598EBD5FB31B}.Debug|x86.ActiveCfg = Debug|Any CPU
		{90B2047C-7B6F-4968-8375-598EBD5FB31B}.Release|Any CPU.ActiveCfg = Release|Any CPU
		{90B2047C-7B6F-4968-8375-598EBD5FB31B}.Release|Any CPU.Build.0 = Release|Any CPU
		{90B2047C-7B6F-4968-8375-598EBD5FB31B}.Release|Mixed Platforms.ActiveCfg = Release|Any CPU
		{90B2047C-7B6F-4968-8375-598EBD5FB31B}.Release|Mixed Platforms.Build.0 = Release|Any CPU
		{90B2047C-7B6F-4968-8375-598EBD5FB31B}.Release|x86.ActiveCfg = Release|Any CPU
	EndGlobalSection
	GlobalSection(SolutionProperties) = preSolution
		HideSolutionNode = FALSE
	EndGlobalSection
	GlobalSection(NestedProjects) = preSolution
		{6326ADAB-6749-4666-B7DA-A4287D1B4CCC} = {EC94C39A-3A3A-41A2-88CE-5C591634CEF3}
		{6AC02AEC-97A2-4E2B-9AE3-E31AB2E2D976} = {2FF9AE3F-F758-416B-9229-B6FC50D3DD5E}
		{3C9DB853-8DA6-4BA0-A70C-CB2BEE6E9621} = {2FF9AE3F-F758-416B-9229-B6FC50D3DD5E}
		{5612935B-96C7-4494-B3A0-02B56756BE28} = {2FF9AE3F-F758-416B-9229-B6FC50D3DD5E}
		{A1A97D17-6B98-4571-8E01-E4BAC8E9B937} = {2FF9AE3F-F758-416B-9229-B6FC50D3DD5E}
		{A1DF342A-1C09-4728-87CB-7FB557757490} = {2FF9AE3F-F758-416B-9229-B6FC50D3DD5E}
		{B9313C10-D0F4-4BB2-B4A3-122F2E852705} = {6AC02AEC-97A2-4E2B-9AE3-E31AB2E2D976}
		{D05B72F9-EA6D-4ED5-8D46-9BEB13659A93} = {B2988A13-75F0-4648-B342-3D27734EB06E}
		{CF0B5DF4-C2E0-496C-9B68-41059FB2B1A0} = {5C1A2F3F-6B58-45EA-A100-2CF32382E4F3}
		{EFF9B88D-5D36-450E-82B6-DCE9A7140157} = {82460974-1AE8-40DA-B7FD-94467329909C}
		{D763DF6B-ECCC-4960-8914-9949AADF37DC} = {A1DF342A-1C09-4728-87CB-7FB557757490}
		{7783B89B-7B1C-4445-B2D1-8ECA0644D4B0} = {72628D2D-F8E6-4D90-B380-AECE0F15E996}
		{B9741767-E826-4292-945D-3011DE85476B} = {72628D2D-F8E6-4D90-B380-AECE0F15E996}
		{90B2047C-7B6F-4968-8375-598EBD5FB31B} = {72628D2D-F8E6-4D90-B380-AECE0F15E996}
	EndGlobalSection
	GlobalSection(TestCaseManagementSettings) = postSolution
		CategoryFile = LiteFx.vsmdi
	EndGlobalSection
	GlobalSection(SpecExplorer.ActivityCompletionStatus) = preSolution
		SpecExplorer.ActivityCompletionStatus = 
	EndGlobalSection
EndGlobal
