
Microsoft Visual Studio Solution File, Format Version 11.00
# Visual Studio 2010
Project("{2150E333-8FDC-42A3-9474-1A3956D46DE8}") = "Solution Items", "Solution Items", "{598E0D42-AA74-4D57-8D05-532E7FAC2585}"
	ProjectSection(SolutionItems) = preProject
		LiteFx.vsmdi = LiteFx.vsmdi
		LiteFxKeyPair.snk = LiteFxKeyPair.snk
		LocalTestRun.testrunconfig = LocalTestRun.testrunconfig
	EndProjectSection
EndProject
Project("{2150E333-8FDC-42A3-9474-1A3956D46DE8}") = "Tests", "Tests", "{BA2551D4-ADD2-4F76-9F8C-60D52E21769C}"
EndProject
Project("{FAE04EC0-301F-11D3-BF4B-00C04F79EFBC}") = "LiteFx.Bases", "LiteFx.Bases\LiteFx.Bases.csproj", "{C3434A18-591A-4622-9021-6DBC60561C24}"
EndProject
Project("{FAE04EC0-301F-11D3-BF4B-00C04F79EFBC}") = "LiteFx.Web.Mvc", "LiteFx.Web.Mvc\LiteFx.Web.Mvc.csproj", "{6326ADAB-6749-4666-B7DA-A4287D1B4CCC}"
EndProject
Project("{FAE04EC0-301F-11D3-BF4B-00C04F79EFBC}") = "System.Linq.Dynamic", "LiteFx.Linq.Extensions\System.Linq.Dynamic.csproj", "{D05B72F9-EA6D-4ED5-8D46-9BEB13659A93}"
EndProject
Project("{FAE04EC0-301F-11D3-BF4B-00C04F79EFBC}") = "LiteFx.Bases.EntityFramework", "LiteFx.Bases.EntityFramework\LiteFx.Bases.EntityFramework.csproj", "{EFF9B88D-5D36-450E-82B6-DCE9A7140157}"
EndProject
Project("{2150E333-8FDC-42A3-9474-1A3956D46DE8}") = "HelperApps", "HelperApps", "{6AC02AEC-97A2-4E2B-9AE3-E31AB2E2D976}"
EndProject
Project("{FAE04EC0-301F-11D3-BF4B-00C04F79EFBC}") = "NHibernateDatabaseGenerator", "NHibernateDatabaseGenerator\NHibernateDatabaseGenerator.csproj", "{B9313C10-D0F4-4BB2-B4A3-122F2E852705}"
EndProject
Project("{2150E333-8FDC-42A3-9474-1A3956D46DE8}") = "Lib", "Lib", "{D3F5771B-FCDC-444B-9610-A7D7ECAE30C4}"
	ProjectSection(SolutionItems) = preProject
		Lib\Antlr3.Runtime.dll = Lib\Antlr3.Runtime.dll
		Lib\Castle.Core.dll = Lib\Castle.Core.dll
		Lib\Castle.Core.xml = Lib\Castle.Core.xml
		Lib\Castle.DynamicProxy2.dll = Lib\Castle.DynamicProxy2.dll
		Lib\Castle.DynamicProxy2.xml = Lib\Castle.DynamicProxy2.xml
		Lib\FluentNHibernate.dll = Lib\FluentNHibernate.dll
		Lib\FluentNHibernate.XML = Lib\FluentNHibernate.XML
		Lib\Iesi.Collections.dll = Lib\Iesi.Collections.dll
		Lib\Iesi.Collections.xml = Lib\Iesi.Collections.xml
		Lib\itextsharp.dll = Lib\itextsharp.dll
		Lib\log4net.dll = Lib\log4net.dll
		Lib\log4net.xml = Lib\log4net.xml
		Lib\Microsoft.Practices.EnterpriseLibrary.Common.dll = Lib\Microsoft.Practices.EnterpriseLibrary.Common.dll
		Lib\Microsoft.Practices.EnterpriseLibrary.Common.xml = Lib\Microsoft.Practices.EnterpriseLibrary.Common.xml
		Lib\Microsoft.Practices.EnterpriseLibrary.Validation.dll = Lib\Microsoft.Practices.EnterpriseLibrary.Validation.dll
		Lib\Microsoft.Practices.EnterpriseLibrary.Validation.XML = Lib\Microsoft.Practices.EnterpriseLibrary.Validation.XML
		Lib\Microsoft.Practices.ServiceLocation.dll = Lib\Microsoft.Practices.ServiceLocation.dll
		Lib\Microsoft.Practices.ServiceLocation.XML = Lib\Microsoft.Practices.ServiceLocation.XML
		Lib\NHibernate.ByteCode.Castle.dll = Lib\NHibernate.ByteCode.Castle.dll
		Lib\NHibernate.ByteCode.Castle.xml = Lib\NHibernate.ByteCode.Castle.xml
		Lib\NHibernate.dll = Lib\NHibernate.dll
		Lib\NHibernate.Linq.dll = Lib\NHibernate.Linq.dll
		Lib\NHibernate.Linq.xml = Lib\NHibernate.Linq.xml
		Lib\NHibernate.xml = Lib\NHibernate.xml
	EndProjectSection
EndProject
Project("{2150E333-8FDC-42A3-9474-1A3956D46DE8}") = "ReferencedLibrary", "ReferencedLibrary", "{B2988A13-75F0-4648-B342-3D27734EB06E}"
EndProject
Project("{FAE04EC0-301F-11D3-BF4B-00C04F79EFBC}") = "LiteFx.Bases.NHibernate", "LiteFx.Bases.NHibernate\LiteFx.Bases.NHibernate.csproj", "{5AE35B25-5738-437A-8330-F30E84B391D8}"
EndProject
Project("{2150E333-8FDC-42A3-9474-1A3956D46DE8}") = "Specs", "Specs", "{5C1A2F3F-6B58-45EA-A100-2CF32382E4F3}"
EndProject
Project("{FAE04EC0-301F-11D3-BF4B-00C04F79EFBC}") = "LiteFx.Bases.Specs", "LiteFx.Bases.Specs\LiteFx.Bases.Specs.csproj", "{FC44B872-F7BC-4B72-8D4E-B7F5C43BFD4A}"
EndProject
Global
	GlobalSection(TestCaseManagementSettings) = postSolution
		CategoryFile = LiteFx.vsmdi
	EndGlobalSection
	GlobalSection(SolutionConfigurationPlatforms) = preSolution
		Debug|Any CPU = Debug|Any CPU
		Debug|Mixed Platforms = Debug|Mixed Platforms
		Debug|x86 = Debug|x86
		Release|Any CPU = Release|Any CPU
		Release|Mixed Platforms = Release|Mixed Platforms
		Release|x86 = Release|x86
	EndGlobalSection
	GlobalSection(ProjectConfigurationPlatforms) = postSolution
		{C3434A18-591A-4622-9021-6DBC60561C24}.Debug|Any CPU.ActiveCfg = Debug|Any CPU
		{C3434A18-591A-4622-9021-6DBC60561C24}.Debug|Any CPU.Build.0 = Debug|Any CPU
		{C3434A18-591A-4622-9021-6DBC60561C24}.Debug|Mixed Platforms.ActiveCfg = Debug|Any CPU
		{C3434A18-591A-4622-9021-6DBC60561C24}.Debug|Mixed Platforms.Build.0 = Debug|Any CPU
		{C3434A18-591A-4622-9021-6DBC60561C24}.Debug|x86.ActiveCfg = Debug|Any CPU
		{C3434A18-591A-4622-9021-6DBC60561C24}.Release|Any CPU.ActiveCfg = Release|Any CPU
		{C3434A18-591A-4622-9021-6DBC60561C24}.Release|Any CPU.Build.0 = Release|Any CPU
		{C3434A18-591A-4622-9021-6DBC60561C24}.Release|Mixed Platforms.ActiveCfg = Release|Any CPU
		{C3434A18-591A-4622-9021-6DBC60561C24}.Release|Mixed Platforms.Build.0 = Release|Any CPU
		{C3434A18-591A-4622-9021-6DBC60561C24}.Release|x86.ActiveCfg = Release|Any CPU
		{6326ADAB-6749-4666-B7DA-A4287D1B4CCC}.Debug|Any CPU.ActiveCfg = Debug|Any CPU
		{6326ADAB-6749-4666-B7DA-A4287D1B4CCC}.Debug|Any CPU.Build.0 = Debug|Any CPU
		{6326ADAB-6749-4666-B7DA-A4287D1B4CCC}.Debug|Mixed Platforms.ActiveCfg = Debug|Any CPU
		{6326ADAB-6749-4666-B7DA-A4287D1B4CCC}.Debug|Mixed Platforms.Build.0 = Debug|Any CPU
		{6326ADAB-6749-4666-B7DA-A4287D1B4CCC}.Debug|x86.ActiveCfg = Debug|Any CPU
		{6326ADAB-6749-4666-B7DA-A4287D1B4CCC}.Release|Any CPU.ActiveCfg = Release|Any CPU
		{6326ADAB-6749-4666-B7DA-A4287D1B4CCC}.Release|Any CPU.Build.0 = Release|Any CPU
		{6326ADAB-6749-4666-B7DA-A4287D1B4CCC}.Release|Mixed Platforms.ActiveCfg = Release|Any CPU
		{6326ADAB-6749-4666-B7DA-A4287D1B4CCC}.Release|Mixed Platforms.Build.0 = Release|Any CPU
		{6326ADAB-6749-4666-B7DA-A4287D1B4CCC}.Release|x86.ActiveCfg = Release|Any CPU
		{D05B72F9-EA6D-4ED5-8D46-9BEB13659A93}.Debug|Any CPU.ActiveCfg = Debug|Any CPU
		{D05B72F9-EA6D-4ED5-8D46-9BEB13659A93}.Debug|Any CPU.Build.0 = Debug|Any CPU
		{D05B72F9-EA6D-4ED5-8D46-9BEB13659A93}.Debug|Mixed Platforms.ActiveCfg = Debug|Any CPU
		{D05B72F9-EA6D-4ED5-8D46-9BEB13659A93}.Debug|Mixed Platforms.Build.0 = Debug|Any CPU
		{D05B72F9-EA6D-4ED5-8D46-9BEB13659A93}.Debug|x86.ActiveCfg = Debug|Any CPU
		{D05B72F9-EA6D-4ED5-8D46-9BEB13659A93}.Release|Any CPU.ActiveCfg = Release|Any CPU
		{D05B72F9-EA6D-4ED5-8D46-9BEB13659A93}.Release|Any CPU.Build.0 = Release|Any CPU
		{D05B72F9-EA6D-4ED5-8D46-9BEB13659A93}.Release|Mixed Platforms.ActiveCfg = Release|Any CPU
		{D05B72F9-EA6D-4ED5-8D46-9BEB13659A93}.Release|Mixed Platforms.Build.0 = Release|Any CPU
		{D05B72F9-EA6D-4ED5-8D46-9BEB13659A93}.Release|x86.ActiveCfg = Release|Any CPU
		{EFF9B88D-5D36-450E-82B6-DCE9A7140157}.Debug|Any CPU.ActiveCfg = Debug|Any CPU
		{EFF9B88D-5D36-450E-82B6-DCE9A7140157}.Debug|Any CPU.Build.0 = Debug|Any CPU
		{EFF9B88D-5D36-450E-82B6-DCE9A7140157}.Debug|Mixed Platforms.ActiveCfg = Debug|Any CPU
		{EFF9B88D-5D36-450E-82B6-DCE9A7140157}.Debug|Mixed Platforms.Build.0 = Debug|Any CPU
		{EFF9B88D-5D36-450E-82B6-DCE9A7140157}.Debug|x86.ActiveCfg = Debug|Any CPU
		{EFF9B88D-5D36-450E-82B6-DCE9A7140157}.Release|Any CPU.ActiveCfg = Release|Any CPU
		{EFF9B88D-5D36-450E-82B6-DCE9A7140157}.Release|Any CPU.Build.0 = Release|Any CPU
		{EFF9B88D-5D36-450E-82B6-DCE9A7140157}.Release|Mixed Platforms.ActiveCfg = Release|Any CPU
		{EFF9B88D-5D36-450E-82B6-DCE9A7140157}.Release|Mixed Platforms.Build.0 = Release|Any CPU
		{EFF9B88D-5D36-450E-82B6-DCE9A7140157}.Release|x86.ActiveCfg = Release|Any CPU
		{B9313C10-D0F4-4BB2-B4A3-122F2E852705}.Debug|Any CPU.ActiveCfg = Debug|x86
		{B9313C10-D0F4-4BB2-B4A3-122F2E852705}.Debug|Mixed Platforms.ActiveCfg = Debug|x86
		{B9313C10-D0F4-4BB2-B4A3-122F2E852705}.Debug|Mixed Platforms.Build.0 = Debug|x86
		{B9313C10-D0F4-4BB2-B4A3-122F2E852705}.Debug|x86.ActiveCfg = Debug|x86
		{B9313C10-D0F4-4BB2-B4A3-122F2E852705}.Debug|x86.Build.0 = Debug|x86
		{B9313C10-D0F4-4BB2-B4A3-122F2E852705}.Release|Any CPU.ActiveCfg = Release|x86
		{B9313C10-D0F4-4BB2-B4A3-122F2E852705}.Release|Mixed Platforms.ActiveCfg = Release|x86
		{B9313C10-D0F4-4BB2-B4A3-122F2E852705}.Release|Mixed Platforms.Build.0 = Release|x86
		{B9313C10-D0F4-4BB2-B4A3-122F2E852705}.Release|x86.ActiveCfg = Release|x86
		{B9313C10-D0F4-4BB2-B4A3-122F2E852705}.Release|x86.Build.0 = Release|x86
		{5AE35B25-5738-437A-8330-F30E84B391D8}.Debug|Any CPU.ActiveCfg = Debug|Any CPU
		{5AE35B25-5738-437A-8330-F30E84B391D8}.Debug|Any CPU.Build.0 = Debug|Any CPU
		{5AE35B25-5738-437A-8330-F30E84B391D8}.Debug|Mixed Platforms.ActiveCfg = Debug|Any CPU
		{5AE35B25-5738-437A-8330-F30E84B391D8}.Debug|Mixed Platforms.Build.0 = Debug|Any CPU
		{5AE35B25-5738-437A-8330-F30E84B391D8}.Debug|x86.ActiveCfg = Debug|Any CPU
		{5AE35B25-5738-437A-8330-F30E84B391D8}.Release|Any CPU.ActiveCfg = Release|Any CPU
		{5AE35B25-5738-437A-8330-F30E84B391D8}.Release|Any CPU.Build.0 = Release|Any CPU
		{5AE35B25-5738-437A-8330-F30E84B391D8}.Release|Mixed Platforms.ActiveCfg = Release|Any CPU
		{5AE35B25-5738-437A-8330-F30E84B391D8}.Release|Mixed Platforms.Build.0 = Release|Any CPU
		{5AE35B25-5738-437A-8330-F30E84B391D8}.Release|x86.ActiveCfg = Release|Any CPU
		{FC44B872-F7BC-4B72-8D4E-B7F5C43BFD4A}.Debug|Any CPU.ActiveCfg = Debug|Any CPU
		{FC44B872-F7BC-4B72-8D4E-B7F5C43BFD4A}.Debug|Any CPU.Build.0 = Debug|Any CPU
		{FC44B872-F7BC-4B72-8D4E-B7F5C43BFD4A}.Debug|Mixed Platforms.ActiveCfg = Debug|Any CPU
		{FC44B872-F7BC-4B72-8D4E-B7F5C43BFD4A}.Debug|Mixed Platforms.Build.0 = Debug|Any CPU
		{FC44B872-F7BC-4B72-8D4E-B7F5C43BFD4A}.Debug|x86.ActiveCfg = Debug|Any CPU
		{FC44B872-F7BC-4B72-8D4E-B7F5C43BFD4A}.Release|Any CPU.ActiveCfg = Release|Any CPU
		{FC44B872-F7BC-4B72-8D4E-B7F5C43BFD4A}.Release|Any CPU.Build.0 = Release|Any CPU
		{FC44B872-F7BC-4B72-8D4E-B7F5C43BFD4A}.Release|Mixed Platforms.ActiveCfg = Release|Any CPU
		{FC44B872-F7BC-4B72-8D4E-B7F5C43BFD4A}.Release|Mixed Platforms.Build.0 = Release|Any CPU
		{FC44B872-F7BC-4B72-8D4E-B7F5C43BFD4A}.Release|x86.ActiveCfg = Release|Any CPU
	EndGlobalSection
	GlobalSection(SolutionProperties) = preSolution
		HideSolutionNode = FALSE
	EndGlobalSection
	GlobalSection(NestedProjects) = preSolution
		{D05B72F9-EA6D-4ED5-8D46-9BEB13659A93} = {B2988A13-75F0-4648-B342-3D27734EB06E}
		{B9313C10-D0F4-4BB2-B4A3-122F2E852705} = {6AC02AEC-97A2-4E2B-9AE3-E31AB2E2D976}
		{FC44B872-F7BC-4B72-8D4E-B7F5C43BFD4A} = {5C1A2F3F-6B58-45EA-A100-2CF32382E4F3}
	EndGlobalSection
	GlobalSection(SpecExplorer.ActivityCompletionStatus) = preSolution
		SpecExplorer.ActivityCompletionStatus = 
	EndGlobalSection
EndGlobal
